
Microsoft Visual Studio Solution File, Format Version 12.00
# Visual Studio Version 17
VisualStudioVersion = 17.6.33723.286
MinimumVisualStudioVersion = 10.0.40219.1
Project("{FAE04EC0-301F-11D3-BF4B-00C04F79EFBC}") = "BevPortNewDesign", "BevPortNewDesign\BevPortNewDesign.csproj", "{7AA5FDA4-A956-47BB-929A-5B1017CCCFD0}"
EndProject
Global
	GlobalSection(SolutionConfigurationPlatforms) = preSolution
		Debug|Any CPU = Debug|Any CPU
		Release|Any CPU = Release|Any CPU
	EndGlobalSection
	GlobalSection(ProjectConfigurationPlatforms) = postSolution
		{7AA5FDA4-A956-47BB-929A-5B1017CCCFD0}.Debug|Any CPU.ActiveCfg = Debug|Any CPU
		{7AA5FDA4-A956-47BB-929A-5B1017CCCFD0}.Debug|Any CPU.Build.0 = Debug|Any CPU
		{7AA5FDA4-A956-47BB-929A-5B1017CCCFD0}.Release|Any CPU.ActiveCfg = Release|Any CPU
		{7AA5FDA4-A956-47BB-929A-5B1017CCCFD0}.Release|Any CPU.Build.0 = Release|Any CPU
	EndGlobalSection
	GlobalSection(SolutionProperties) = preSolution
		HideSolutionNode = FALSE
	EndGlobalSection
	GlobalSection(ExtensibilityGlobals) = postSolution
		SolutionGuid = {EED96F7C-FAAC-46BA-988F-C6E5283EA80C}
	EndGlobalSection
EndGlobal
